{
  "pins" : [
    {
      "identity" : "fleksyengine-ios",
      "kind" : "remoteSourceControl",
      "location" : "https://github.com/FleksySDK/FleksyEngine-iOS",
      "state" : {
        "branch" : "main",
        "revision" : "2394690e1dcb931316d02ef2b222ad60ce8ba582"
      }
    },
    {
      "identity" : "fleksysdk-ios",
      "kind" : "remoteSourceControl",
      "location" : "https://github.com/FleksySDK/FleksySDK-iOS",
      "state" : {
        "branch" : "main",
        "revision" : "584ff5514e47a7dc1240162d6380218144262f49"
      }
    },
    {
      "identity" : "ios-coreservices",
      "kind" : "remoteSourceControl",
      "location" : "https://github.com/FleksySDK/iOS-CoreServices",
      "state" : {
        "branch" : "main",
        "revision" : "02d5dfd8de583c5dc4edc3ea938f7cd9df558468"
      }
    },
    {
      "identity" : "ios-fleksyappscore",
      "kind" : "remoteSourceControl",
      "location" : "https://github.com/FleksySDK/iOS-FleksyAppsCore",
      "state" : {
        "branch" : "main",
        "revision" : "5c25b4eaceebe3e326d1576c3fda14ad77708b75"
      }
    },
    {
      "identity" : "reachability.swift",
      "kind" : "remoteSourceControl",
      "location" : "https://github.com/ashleymills/Reachability.swift",
      "state" : {
        "branch" : "master",
        "revision" : "a81b7367f2c46875f29577e03a60c39cdfad0c8d"
      }
    }
  ],
  "version" : 2
}
